
Microsoft Visual Studio Solution File, Format Version 12.00
# Visual Studio Version 17
VisualStudioVersion = 17.8.34525.116
MinimumVisualStudioVersion = 10.0.40219.1
Project("{9A19103F-16F7-4668-BE54-9A1E7A4F7556}") = "Lab6_LibraryManager", "Lab6_LibraryManager\Lab6_LibraryManager.csproj", "{166AABAC-672B-43D0-9A92-ADFD4F7FA349}"
EndProject
Project("{9A19103F-16F7-4668-BE54-9A1E7A4F7556}") = "TableModels", "TableModels\TableModels.csproj", "{2A208A55-A868-44A5-95DD-08FE4616F447}"
EndProject
Global
	GlobalSection(SolutionConfigurationPlatforms) = preSolution
		Debug|Any CPU = Debug|Any CPU
		Release|Any CPU = Release|Any CPU
	EndGlobalSection
	GlobalSection(ProjectConfigurationPlatforms) = postSolution
		{166AABAC-672B-43D0-9A92-ADFD4F7FA349}.Debug|Any CPU.ActiveCfg = Debug|Any CPU
		{166AABAC-672B-43D0-9A92-ADFD4F7FA349}.Debug|Any CPU.Build.0 = Debug|Any CPU
		{166AABAC-672B-43D0-9A92-ADFD4F7FA349}.Release|Any CPU.ActiveCfg = Release|Any CPU
		{166AABAC-672B-43D0-9A92-ADFD4F7FA349}.Release|Any CPU.Build.0 = Release|Any CPU
		{2A208A55-A868-44A5-95DD-08FE4616F447}.Debug|Any CPU.ActiveCfg = Debug|Any CPU
		{2A208A55-A868-44A5-95DD-08FE4616F447}.Debug|Any CPU.Build.0 = Debug|Any CPU
		{2A208A55-A868-44A5-95DD-08FE4616F447}.Release|Any CPU.ActiveCfg = Release|Any CPU
		{2A208A55-A868-44A5-95DD-08FE4616F447}.Release|Any CPU.Build.0 = Release|Any CPU
	EndGlobalSection
	GlobalSection(SolutionProperties) = preSolution
		HideSolutionNode = FALSE
	EndGlobalSection
	GlobalSection(ExtensibilityGlobals) = postSolution
		SolutionGuid = {1593BF66-1405-4FF2-B0E5-1BDEA705B602}
	EndGlobalSection
EndGlobal
